
Microsoft Visual Studio Solution File, Format Version 12.00
# Visual Studio Version 16
VisualStudioVersion = 16.0.30523.141
MinimumVisualStudioVersion = 10.0.40219.1
Project("{FAE04EC0-301F-11D3-BF4B-00C04F79EFBC}") = "Sunny", "src\Sunny\Sunny.csproj", "{CFAC881E-FD36-4EE7-AEDC-38D78BA057DA}"
EndProject
Project("{FAE04EC0-301F-11D3-BF4B-00C04F79EFBC}") = "SunnyCtrl", "src\SunnyCtrl\SunnyCtrl.csproj", "{E65E4ABA-F7FB-4B46-8E5E-15F9D2372973}"
EndProject
Project("{FAE04EC0-301F-11D3-BF4B-00C04F79EFBC}") = "SunnyForms", "src\SunnyForms\SunnyForms.csproj", "{8FB77B2C-CE9C-4FA4-9B34-9B0A1A1CE13A}"
EndProject
Project("{FAE04EC0-301F-11D3-BF4B-00C04F79EFBC}") = "SunnyWPF", "src\SunnyWPF\SunnyWPF.csproj", "{12CBA47A-A026-4668-B97F-65D7118B8807}"
EndProject
Project("{8BC9CEB8-8B4A-11D0-8D11-00A0C91BC942}") = "Cosmos", "..\openuniverse\src\Cosmos\Cosmos.vcxproj", "{D7A9DC7E-0B4A-4091-9B13-4D6CA4494452}"
EndProject
Global
	GlobalSection(SolutionConfigurationPlatforms) = preSolution
		Debug|Any CPU = Debug|Any CPU
		Debug|x64 = Debug|x64
		Debug|x86 = Debug|x86
		Release|Any CPU = Release|Any CPU
		Release|x64 = Release|x64
		Release|x86 = Release|x86
	EndGlobalSection
	GlobalSection(ProjectConfigurationPlatforms) = postSolution
		{CFAC881E-FD36-4EE7-AEDC-38D78BA057DA}.Debug|Any CPU.ActiveCfg = Debug|Any CPU
		{CFAC881E-FD36-4EE7-AEDC-38D78BA057DA}.Debug|Any CPU.Build.0 = Debug|Any CPU
		{CFAC881E-FD36-4EE7-AEDC-38D78BA057DA}.Debug|x64.ActiveCfg = Debug|Any CPU
		{CFAC881E-FD36-4EE7-AEDC-38D78BA057DA}.Debug|x64.Build.0 = Debug|Any CPU
		{CFAC881E-FD36-4EE7-AEDC-38D78BA057DA}.Debug|x86.ActiveCfg = Debug|Any CPU
		{CFAC881E-FD36-4EE7-AEDC-38D78BA057DA}.Debug|x86.Build.0 = Debug|Any CPU
		{CFAC881E-FD36-4EE7-AEDC-38D78BA057DA}.Release|Any CPU.ActiveCfg = Release|Any CPU
		{CFAC881E-FD36-4EE7-AEDC-38D78BA057DA}.Release|Any CPU.Build.0 = Release|Any CPU
		{CFAC881E-FD36-4EE7-AEDC-38D78BA057DA}.Release|x64.ActiveCfg = Release|Any CPU
		{CFAC881E-FD36-4EE7-AEDC-38D78BA057DA}.Release|x64.Build.0 = Release|Any CPU
		{CFAC881E-FD36-4EE7-AEDC-38D78BA057DA}.Release|x86.ActiveCfg = Release|Any CPU
		{CFAC881E-FD36-4EE7-AEDC-38D78BA057DA}.Release|x86.Build.0 = Release|Any CPU
		{E65E4ABA-F7FB-4B46-8E5E-15F9D2372973}.Debug|Any CPU.ActiveCfg = Debug|Any CPU
		{E65E4ABA-F7FB-4B46-8E5E-15F9D2372973}.Debug|Any CPU.Build.0 = Debug|Any CPU
		{E65E4ABA-F7FB-4B46-8E5E-15F9D2372973}.Debug|x64.ActiveCfg = Debug|Any CPU
		{E65E4ABA-F7FB-4B46-8E5E-15F9D2372973}.Debug|x64.Build.0 = Debug|Any CPU
		{E65E4ABA-F7FB-4B46-8E5E-15F9D2372973}.Debug|x86.ActiveCfg = Debug|Any CPU
		{E65E4ABA-F7FB-4B46-8E5E-15F9D2372973}.Debug|x86.Build.0 = Debug|Any CPU
		{E65E4ABA-F7FB-4B46-8E5E-15F9D2372973}.Release|Any CPU.ActiveCfg = Release|Any CPU
		{E65E4ABA-F7FB-4B46-8E5E-15F9D2372973}.Release|Any CPU.Build.0 = Release|Any CPU
		{E65E4ABA-F7FB-4B46-8E5E-15F9D2372973}.Release|x64.ActiveCfg = Release|Any CPU
		{E65E4ABA-F7FB-4B46-8E5E-15F9D2372973}.Release|x64.Build.0 = Release|Any CPU
		{E65E4ABA-F7FB-4B46-8E5E-15F9D2372973}.Release|x86.ActiveCfg = Release|Any CPU
		{E65E4ABA-F7FB-4B46-8E5E-15F9D2372973}.Release|x86.Build.0 = Release|Any CPU
		{8FB77B2C-CE9C-4FA4-9B34-9B0A1A1CE13A}.Debug|Any CPU.ActiveCfg = Debug|Any CPU
		{8FB77B2C-CE9C-4FA4-9B34-9B0A1A1CE13A}.Debug|Any CPU.Build.0 = Debug|Any CPU
		{8FB77B2C-CE9C-4FA4-9B34-9B0A1A1CE13A}.Debug|x64.ActiveCfg = Debug|Any CPU
		{8FB77B2C-CE9C-4FA4-9B34-9B0A1A1CE13A}.Debug|x64.Build.0 = Debug|Any CPU
		{8FB77B2C-CE9C-4FA4-9B34-9B0A1A1CE13A}.Debug|x86.ActiveCfg = Debug|Any CPU
		{8FB77B2C-CE9C-4FA4-9B34-9B0A1A1CE13A}.Debug|x86.Build.0 = Debug|Any CPU
		{8FB77B2C-CE9C-4FA4-9B34-9B0A1A1CE13A}.Release|Any CPU.ActiveCfg = Release|Any CPU
		{8FB77B2C-CE9C-4FA4-9B34-9B0A1A1CE13A}.Release|Any CPU.Build.0 = Release|Any CPU
		{8FB77B2C-CE9C-4FA4-9B34-9B0A1A1CE13A}.Release|x64.ActiveCfg = Release|Any CPU
		{8FB77B2C-CE9C-4FA4-9B34-9B0A1A1CE13A}.Release|x64.Build.0 = Release|Any CPU
		{8FB77B2C-CE9C-4FA4-9B34-9B0A1A1CE13A}.Release|x86.ActiveCfg = Release|Any CPU
		{8FB77B2C-CE9C-4FA4-9B34-9B0A1A1CE13A}.Release|x86.Build.0 = Release|Any CPU
		{12CBA47A-A026-4668-B97F-65D7118B8807}.Debug|Any CPU.ActiveCfg = Debug|Any CPU
		{12CBA47A-A026-4668-B97F-65D7118B8807}.Debug|Any CPU.Build.0 = Debug|Any CPU
		{12CBA47A-A026-4668-B97F-65D7118B8807}.Debug|x64.ActiveCfg = Debug|Any CPU
		{12CBA47A-A026-4668-B97F-65D7118B8807}.Debug|x64.Build.0 = Debug|Any CPU
		{12CBA47A-A026-4668-B97F-65D7118B8807}.Debug|x86.ActiveCfg = Debug|Any CPU
		{12CBA47A-A026-4668-B97F-65D7118B8807}.Debug|x86.Build.0 = Debug|Any CPU
		{12CBA47A-A026-4668-B97F-65D7118B8807}.Release|Any CPU.ActiveCfg = Release|Any CPU
		{12CBA47A-A026-4668-B97F-65D7118B8807}.Release|Any CPU.Build.0 = Release|Any CPU
		{12CBA47A-A026-4668-B97F-65D7118B8807}.Release|x64.ActiveCfg = Release|Any CPU
		{12CBA47A-A026-4668-B97F-65D7118B8807}.Release|x64.Build.0 = Release|Any CPU
		{12CBA47A-A026-4668-B97F-65D7118B8807}.Release|x86.ActiveCfg = Release|Any CPU
		{12CBA47A-A026-4668-B97F-65D7118B8807}.Release|x86.Build.0 = Release|Any CPU
		{D7A9DC7E-0B4A-4091-9B13-4D6CA4494452}.Debug|Any CPU.ActiveCfg = Debug|Win32
		{D7A9DC7E-0B4A-4091-9B13-4D6CA4494452}.Debug|x64.ActiveCfg = Debug|x64
		{D7A9DC7E-0B4A-4091-9B13-4D6CA4494452}.Debug|x64.Build.0 = Debug|x64
		{D7A9DC7E-0B4A-4091-9B13-4D6CA4494452}.Debug|x86.ActiveCfg = Debug|Win32
		{D7A9DC7E-0B4A-4091-9B13-4D6CA4494452}.Debug|x86.Build.0 = Debug|Win32
		{D7A9DC7E-0B4A-4091-9B13-4D6CA4494452}.Release|Any CPU.ActiveCfg = Release|Win32
		{D7A9DC7E-0B4A-4091-9B13-4D6CA4494452}.Release|x64.ActiveCfg = Release|x64
		{D7A9DC7E-0B4A-4091-9B13-4D6CA4494452}.Release|x64.Build.0 = Release|x64
		{D7A9DC7E-0B4A-4091-9B13-4D6CA4494452}.Release|x86.ActiveCfg = Release|Win32
		{D7A9DC7E-0B4A-4091-9B13-4D6CA4494452}.Release|x86.Build.0 = Release|Win32
	EndGlobalSection
	GlobalSection(SolutionProperties) = preSolution
		HideSolutionNode = FALSE
	EndGlobalSection
	GlobalSection(ExtensibilityGlobals) = postSolution
		SolutionGuid = {9FB66000-BD80-499F-969D-0384DC9580E2}
	EndGlobalSection
EndGlobal
